
Microsoft Visual Studio Solution File, Format Version 12.00
# Visual Studio Version 16
VisualStudioVersion = 16.0.30413.136
MinimumVisualStudioVersion = 10.0.40219.1
Project("{FAE04EC0-301F-11D3-BF4B-00C04F79EFBC}") = "First Hello", "First Hello.csproj", "{D331D5DB-336D-494A-B949-0B2A0BCA9CA9}"
EndProject
Project("{FAE04EC0-301F-11D3-BF4B-00C04F79EFBC}") = "Demo", "Demo\Demo.csproj", "{FEBAF50B-7EC9-4868-AD08-3082F9DA4E67}"
EndProject
Project("{FAE04EC0-301F-11D3-BF4B-00C04F79EFBC}") = "TextBox", "TextBox\TextBox.csproj", "{0DBE4B45-514F-43A3-9754-18E1AC0694B7}"
EndProject
Project("{FAE04EC0-301F-11D3-BF4B-00C04F79EFBC}") = "First Drawing", "First Drawing\First Drawing.csproj", "{E74FB803-6B6F-4285-98B1-3690FA2AD18F}"
EndProject
Global
	GlobalSection(SolutionConfigurationPlatforms) = preSolution
		Debug|Any CPU = Debug|Any CPU
		Release|Any CPU = Release|Any CPU
	EndGlobalSection
	GlobalSection(ProjectConfigurationPlatforms) = postSolution
		{D331D5DB-336D-494A-B949-0B2A0BCA9CA9}.Debug|Any CPU.ActiveCfg = Debug|Any CPU
		{D331D5DB-336D-494A-B949-0B2A0BCA9CA9}.Debug|Any CPU.Build.0 = Debug|Any CPU
		{D331D5DB-336D-494A-B949-0B2A0BCA9CA9}.Release|Any CPU.ActiveCfg = Release|Any CPU
		{D331D5DB-336D-494A-B949-0B2A0BCA9CA9}.Release|Any CPU.Build.0 = Release|Any CPU
		{FEBAF50B-7EC9-4868-AD08-3082F9DA4E67}.Debug|Any CPU.ActiveCfg = Debug|Any CPU
		{FEBAF50B-7EC9-4868-AD08-3082F9DA4E67}.Debug|Any CPU.Build.0 = Debug|Any CPU
		{FEBAF50B-7EC9-4868-AD08-3082F9DA4E67}.Release|Any CPU.ActiveCfg = Release|Any CPU
		{FEBAF50B-7EC9-4868-AD08-3082F9DA4E67}.Release|Any CPU.Build.0 = Release|Any CPU
		{0DBE4B45-514F-43A3-9754-18E1AC0694B7}.Debug|Any CPU.ActiveCfg = Debug|Any CPU
		{0DBE4B45-514F-43A3-9754-18E1AC0694B7}.Debug|Any CPU.Build.0 = Debug|Any CPU
		{0DBE4B45-514F-43A3-9754-18E1AC0694B7}.Release|Any CPU.ActiveCfg = Release|Any CPU
		{0DBE4B45-514F-43A3-9754-18E1AC0694B7}.Release|Any CPU.Build.0 = Release|Any CPU
		{E74FB803-6B6F-4285-98B1-3690FA2AD18F}.Debug|Any CPU.ActiveCfg = Debug|Any CPU
		{E74FB803-6B6F-4285-98B1-3690FA2AD18F}.Debug|Any CPU.Build.0 = Debug|Any CPU
		{E74FB803-6B6F-4285-98B1-3690FA2AD18F}.Release|Any CPU.ActiveCfg = Release|Any CPU
		{E74FB803-6B6F-4285-98B1-3690FA2AD18F}.Release|Any CPU.Build.0 = Release|Any CPU
	EndGlobalSection
	GlobalSection(SolutionProperties) = preSolution
		HideSolutionNode = FALSE
	EndGlobalSection
	GlobalSection(ExtensibilityGlobals) = postSolution
		SolutionGuid = {A155833B-4809-4EB1-9850-0E41A32FD915}
	EndGlobalSection
EndGlobal
